
Microsoft Visual Studio Solution File, Format Version 12.00
Project("{FAE04EC0-301F-11D3-BF4B-00C04F79EFBC}") = "Xmf2.NavigationGraph.Core", "src\Xmf2.NavigationGraph.Core\Xmf2.NavigationGraph.Core.csproj", "{94B4D647-63ED-4377-A2D8-F530F0580812}"
EndProject
Project("{FAE04EC0-301F-11D3-BF4B-00C04F79EFBC}") = "Xmf2.NavigationGraph.iOS", "src\Xmf2.NavigationGraph.iOS\Xmf2.NavigationGraph.iOS.csproj", "{6F01CCBC-0E74-427F-8F60-8E19DC4476A0}"
EndProject
Project("{FAE04EC0-301F-11D3-BF4B-00C04F79EFBC}") = "Xmf2.NavigationGraph.Droid", "src\Xmf2.NavigationGraph.Droid\Xmf2.NavigationGraph.Droid.csproj", "{0482135D-405D-4F90-8542-09C3E64A1AA2}"
EndProject
Project("{2150E333-8FDC-42A3-9474-1A3956D46DE8}") = "misc", "misc", "{B785351A-407E-4BE8-BC57-031184712788}"
ProjectSection(SolutionItems) = preProject
	package.nuspec = package.nuspec
	.azure-pipeline.ci.yml = .azure-pipeline.ci.yml
EndProjectSection
EndProject
Global
	GlobalSection(SolutionConfigurationPlatforms) = preSolution
		Debug|Any CPU = Debug|Any CPU
		Release|Any CPU = Release|Any CPU
	EndGlobalSection
	GlobalSection(ProjectConfigurationPlatforms) = postSolution
		{94B4D647-63ED-4377-A2D8-F530F0580812}.Debug|Any CPU.ActiveCfg = Debug|Any CPU
		{94B4D647-63ED-4377-A2D8-F530F0580812}.Debug|Any CPU.Build.0 = Debug|Any CPU
		{94B4D647-63ED-4377-A2D8-F530F0580812}.Release|Any CPU.ActiveCfg = Release|Any CPU
		{94B4D647-63ED-4377-A2D8-F530F0580812}.Release|Any CPU.Build.0 = Release|Any CPU
		{6F01CCBC-0E74-427F-8F60-8E19DC4476A0}.Debug|Any CPU.ActiveCfg = Debug|Any CPU
		{6F01CCBC-0E74-427F-8F60-8E19DC4476A0}.Debug|Any CPU.Build.0 = Debug|Any CPU
		{6F01CCBC-0E74-427F-8F60-8E19DC4476A0}.Release|Any CPU.ActiveCfg = Release|Any CPU
		{6F01CCBC-0E74-427F-8F60-8E19DC4476A0}.Release|Any CPU.Build.0 = Release|Any CPU
		{0482135D-405D-4F90-8542-09C3E64A1AA2}.Debug|Any CPU.ActiveCfg = Debug|Any CPU
		{0482135D-405D-4F90-8542-09C3E64A1AA2}.Debug|Any CPU.Build.0 = Debug|Any CPU
		{0482135D-405D-4F90-8542-09C3E64A1AA2}.Release|Any CPU.ActiveCfg = Release|Any CPU
		{0482135D-405D-4F90-8542-09C3E64A1AA2}.Release|Any CPU.Build.0 = Release|Any CPU
	EndGlobalSection
EndGlobal
